// !$*UTF8*$!
{
	archiveVersion = 1;
	classes = {
	};
	objectVersion = 46;
	objects = {

/* Begin PBXBuildFile section */
		6537EB5F1A0EAC4F000CAEC1 /* AppDelegate.swift in Sources */ = {isa = PBXBuildFile; fileRef = 6537EB5E1A0EAC4F000CAEC1 /* AppDelegate.swift */; };
		6537EB611A0EAC4F000CAEC1 /* FirstViewController.swift in Sources */ = {isa = PBXBuildFile; fileRef = 6537EB601A0EAC4F000CAEC1 /* FirstViewController.swift */; };
		6537EB631A0EAC4F000CAEC1 /* SecondViewController.swift in Sources */ = {isa = PBXBuildFile; fileRef = 6537EB621A0EAC4F000CAEC1 /* SecondViewController.swift */; };
		6537EB661A0EAC4F000CAEC1 /* Main.storyboard in Resources */ = {isa = PBXBuildFile; fileRef = 6537EB641A0EAC4F000CAEC1 /* Main.storyboard */; };
		6537EB681A0EAC4F000CAEC1 /* Images.xcassets in Resources */ = {isa = PBXBuildFile; fileRef = 6537EB671A0EAC4F000CAEC1 /* Images.xcassets */; };
		6537EB6B1A0EAC4F000CAEC1 /* LaunchScreen.xib in Resources */ = {isa = PBXBuildFile; fileRef = 6537EB691A0EAC4F000CAEC1 /* LaunchScreen.xib */; };
		6537EB771A0EAC4F000CAEC1 /* ParkAppTests.swift in Sources */ = {isa = PBXBuildFile; fileRef = 6537EB761A0EAC4F000CAEC1 /* ParkAppTests.swift */; };
		65702A171A10230000FD1303 /* SearchPage.m in Sources */ = {isa = PBXBuildFile; fileRef = 65702A161A10230000FD1303 /* SearchPage.m */; };
		65702A1A1A10234400FD1303 /* MainPage.m in Sources */ = {isa = PBXBuildFile; fileRef = 65702A191A10234400FD1303 /* MainPage.m */; };
		65702A1D1A10235000FD1303 /* ReportPage.m in Sources */ = {isa = PBXBuildFile; fileRef = 65702A1C1A10235000FD1303 /* ReportPage.m */; };
		65702A201A10236000FD1303 /* RentPage.m in Sources */ = {isa = PBXBuildFile; fileRef = 65702A1F1A10235F00FD1303 /* RentPage.m */; };
		65702A231A1023A700FD1303 /* ProfilePage.m in Sources */ = {isa = PBXBuildFile; fileRef = 65702A221A1023A700FD1303 /* ProfilePage.m */; };
		E210C78D1A11D52B00C9D186 /* carkey.png in Resources */ = {isa = PBXBuildFile; fileRef = E210C78C1A11D52B00C9D186 /* carkey.png */; };
		E210C7941A11D54700C9D186 /* AdvancedViewController.m in Sources */ = {isa = PBXBuildFile; fileRef = E210C78F1A11D54700C9D186 /* AdvancedViewController.m */; };
		E210C7951A11D54700C9D186 /* PreCameraViewController.m in Sources */ = {isa = PBXBuildFile; fileRef = E210C7911A11D54700C9D186 /* PreCameraViewController.m */; };
		E210C7961A11D54700C9D186 /* PShareViewController.m in Sources */ = {isa = PBXBuildFile; fileRef = E210C7931A11D54700C9D186 /* PShareViewController.m */; };
		E210C79B1A11DF7E00C9D186 /* finalCamera.png in Resources */ = {isa = PBXBuildFile; fileRef = E210C7991A11DF7E00C9D186 /* finalCamera.png */; };
		E210C79C1A11DF7E00C9D186 /* finalSearch.png in Resources */ = {isa = PBXBuildFile; fileRef = E210C79A1A11DF7E00C9D186 /* finalSearch.png */; };
		E210C7A21A11E0E600C9D186 /* myFerrariSmall.png in Resources */ = {isa = PBXBuildFile; fileRef = E210C7A11A11E0E600C9D186 /* myFerrariSmall.png */; };
		E210C7A51A11E20C00C9D186 /* GoogleMaps.framework in Frameworks */ = {isa = PBXBuildFile; fileRef = E210C7A41A11E20C00C9D186 /* GoogleMaps.framework */; };
		E210C7A71A11E21C00C9D186 /* GoogleMaps.bundle in Resources */ = {isa = PBXBuildFile; fileRef = E210C7A61A11E21C00C9D186 /* GoogleMaps.bundle */; };
		E210C7A91A11E29300C9D186 /* AVFoundation.framework in Frameworks */ = {isa = PBXBuildFile; fileRef = E210C7A81A11E29300C9D186 /* AVFoundation.framework */; };
		E210C7AB1A11E29800C9D186 /* MapKit.framework in Frameworks */ = {isa = PBXBuildFile; fileRef = E210C7AA1A11E29800C9D186 /* MapKit.framework */; };
		E210C7AD1A11E2A700C9D186 /* CoreData.framework in Frameworks */ = {isa = PBXBuildFile; fileRef = E210C7AC1A11E2A700C9D186 /* CoreData.framework */; };
		E210C7AF1A11E2AD00C9D186 /* CoreLocation.framework in Frameworks */ = {isa = PBXBuildFile; fileRef = E210C7AE1A11E2AD00C9D186 /* CoreLocation.framework */; };
		E210C7B11A11E2B500C9D186 /* CoreText.framework in Frameworks */ = {isa = PBXBuildFile; fileRef = E210C7B01A11E2B500C9D186 /* CoreText.framework */; };
		E210C7B31A11E2BC00C9D186 /* GLKit.framework in Frameworks */ = {isa = PBXBuildFile; fileRef = E210C7B21A11E2BC00C9D186 /* GLKit.framework */; };
		E210C7B51A11E2C400C9D186 /* ImageIO.framework in Frameworks */ = {isa = PBXBuildFile; fileRef = E210C7B41A11E2C400C9D186 /* ImageIO.framework */; };
		E210C7B71A11E2CD00C9D186 /* libc++.dylib in Frameworks */ = {isa = PBXBuildFile; fileRef = E210C7B61A11E2CD00C9D186 /* libc++.dylib */; };
		E210C7B91A11E2DA00C9D186 /* libicucore.dylib in Frameworks */ = {isa = PBXBuildFile; fileRef = E210C7B81A11E2DA00C9D186 /* libicucore.dylib */; };
		E210C7BB1A11E2E000C9D186 /* libz.dylib in Frameworks */ = {isa = PBXBuildFile; fileRef = E210C7BA1A11E2E000C9D186 /* libz.dylib */; };
		E210C7BD1A11E2E900C9D186 /* OpenGLES.framework in Frameworks */ = {isa = PBXBuildFile; fileRef = E210C7BC1A11E2E900C9D186 /* OpenGLES.framework */; };
		E210C7BF1A11E2ED00C9D186 /* QuartzCore.framework in Frameworks */ = {isa = PBXBuildFile; fileRef = E210C7BE1A11E2ED00C9D186 /* QuartzCore.framework */; };
		E210C7C11A11E2F500C9D186 /* SystemConfiguration.framework in Frameworks */ = {isa = PBXBuildFile; fileRef = E210C7C01A11E2F500C9D186 /* SystemConfiguration.framework */; };
		E210C7C31A11E7B300C9D186 /* parkApp-icon.png in Resources */ = {isa = PBXBuildFile; fileRef = E210C7C21A11E7B300C9D186 /* parkApp-icon.png */; };
		E210C7C81A12110700C9D186 /* ProfileForm.m in Sources */ = {isa = PBXBuildFile; fileRef = E210C7C71A12110700C9D186 /* ProfileForm.m */; };
		E210C7CA1A1235A100C9D186 /* submit.png in Resources */ = {isa = PBXBuildFile; fileRef = E210C7C91A1235A100C9D186 /* submit.png */; };
		E210C7CD1A12366B00C9D186 /* ForgotViewController.m in Sources */ = {isa = PBXBuildFile; fileRef = E210C7CC1A12366B00C9D186 /* ForgotViewController.m */; };
		F377A9371A0EC5480001480E /* LoginViewController.m in Sources */ = {isa = PBXBuildFile; fileRef = F377A9361A0EC5480001480E /* LoginViewController.m */; };
		F3B61C8E1A11666500E60186 /* FXForms.m in Sources */ = {isa = PBXBuildFile; fileRef = F3B61C8D1A11666500E60186 /* FXForms.m */; };
		F3B61C911A1194C800E60186 /* LoginForm.m in Sources */ = {isa = PBXBuildFile; fileRef = F3B61C901A1194C800E60186 /* LoginForm.m */; };
		F3B61C941A1194DD00E60186 /* RegistrationForm.m in Sources */ = {isa = PBXBuildFile; fileRef = F3B61C931A1194DD00E60186 /* RegistrationForm.m */; };
		F3B61C9A1A11A6EB00E60186 /* RegistrationViewController.m in Sources */ = {isa = PBXBuildFile; fileRef = F3B61C991A11A6EB00E60186 /* RegistrationViewController.m */; };
/* End PBXBuildFile section */

/* Begin PBXContainerItemProxy section */
		6537EB711A0EAC4F000CAEC1 /* PBXContainerItemProxy */ = {
			isa = PBXContainerItemProxy;
			containerPortal = 6537EB511A0EAC4F000CAEC1 /* Project object */;
			proxyType = 1;
			remoteGlobalIDString = 6537EB581A0EAC4F000CAEC1;
			remoteInfo = ParkApp;
		};
/* End PBXContainerItemProxy section */

/* Begin PBXFileReference section */
		6537EB591A0EAC4F000CAEC1 /* ParkApp.app */ = {isa = PBXFileReference; explicitFileType = wrapper.application; includeInIndex = 0; path = ParkApp.app; sourceTree = BUILT_PRODUCTS_DIR; };
		6537EB5D1A0EAC4F000CAEC1 /* Info.plist */ = {isa = PBXFileReference; lastKnownFileType = text.plist.xml; path = Info.plist; sourceTree = "<group>"; };
		6537EB5E1A0EAC4F000CAEC1 /* AppDelegate.swift */ = {isa = PBXFileReference; lastKnownFileType = sourcecode.swift; path = AppDelegate.swift; sourceTree = "<group>"; };
		6537EB601A0EAC4F000CAEC1 /* FirstViewController.swift */ = {isa = PBXFileReference; lastKnownFileType = sourcecode.swift; path = FirstViewController.swift; sourceTree = "<group>"; };
		6537EB621A0EAC4F000CAEC1 /* SecondViewController.swift */ = {isa = PBXFileReference; lastKnownFileType = sourcecode.swift; path = SecondViewController.swift; sourceTree = "<group>"; };
		6537EB651A0EAC4F000CAEC1 /* Base */ = {isa = PBXFileReference; lastKnownFileType = file.storyboard; name = Base; path = Base.lproj/Main.storyboard; sourceTree = "<group>"; };
		6537EB671A0EAC4F000CAEC1 /* Images.xcassets */ = {isa = PBXFileReference; lastKnownFileType = folder.assetcatalog; path = Images.xcassets; sourceTree = "<group>"; };
		6537EB6A1A0EAC4F000CAEC1 /* Base */ = {isa = PBXFileReference; lastKnownFileType = file.xib; name = Base; path = Base.lproj/LaunchScreen.xib; sourceTree = "<group>"; };
		6537EB701A0EAC4F000CAEC1 /* ParkAppTests.xctest */ = {isa = PBXFileReference; explicitFileType = wrapper.cfbundle; includeInIndex = 0; path = ParkAppTests.xctest; sourceTree = BUILT_PRODUCTS_DIR; };
		6537EB751A0EAC4F000CAEC1 /* Info.plist */ = {isa = PBXFileReference; lastKnownFileType = text.plist.xml; path = Info.plist; sourceTree = "<group>"; };
		6537EB761A0EAC4F000CAEC1 /* ParkAppTests.swift */ = {isa = PBXFileReference; lastKnownFileType = sourcecode.swift; path = ParkAppTests.swift; sourceTree = "<group>"; };
		65702A151A10230000FD1303 /* SearchPage.h */ = {isa = PBXFileReference; fileEncoding = 4; lastKnownFileType = sourcecode.c.h; name = SearchPage.h; path = ../SearchPage.h; sourceTree = "<group>"; };
		65702A161A10230000FD1303 /* SearchPage.m */ = {isa = PBXFileReference; fileEncoding = 4; lastKnownFileType = sourcecode.c.objc; name = SearchPage.m; path = ../SearchPage.m; sourceTree = "<group>"; };
		65702A181A10234400FD1303 /* MainPage.h */ = {isa = PBXFileReference; fileEncoding = 4; lastKnownFileType = sourcecode.c.h; path = MainPage.h; sourceTree = "<group>"; };
		65702A191A10234400FD1303 /* MainPage.m */ = {isa = PBXFileReference; fileEncoding = 4; lastKnownFileType = sourcecode.c.objc; path = MainPage.m; sourceTree = "<group>"; };
		65702A1B1A10235000FD1303 /* ReportPage.h */ = {isa = PBXFileReference; fileEncoding = 4; lastKnownFileType = sourcecode.c.h; path = ReportPage.h; sourceTree = "<group>"; };
		65702A1C1A10235000FD1303 /* ReportPage.m */ = {isa = PBXFileReference; fileEncoding = 4; lastKnownFileType = sourcecode.c.objc; path = ReportPage.m; sourceTree = "<group>"; };
		65702A1E1A10235F00FD1303 /* RentPage.h */ = {isa = PBXFileReference; fileEncoding = 4; lastKnownFileType = sourcecode.c.h; path = RentPage.h; sourceTree = "<group>"; };
		65702A1F1A10235F00FD1303 /* RentPage.m */ = {isa = PBXFileReference; fileEncoding = 4; lastKnownFileType = sourcecode.c.objc; path = RentPage.m; sourceTree = "<group>"; };
		65702A211A1023A700FD1303 /* ProfilePage.h */ = {isa = PBXFileReference; fileEncoding = 4; lastKnownFileType = sourcecode.c.h; path = ProfilePage.h; sourceTree = "<group>"; };
		65702A221A1023A700FD1303 /* ProfilePage.m */ = {isa = PBXFileReference; fileEncoding = 4; lastKnownFileType = sourcecode.c.objc; path = ProfilePage.m; sourceTree = "<group>"; };
		E210C78C1A11D52B00C9D186 /* carkey.png */ = {isa = PBXFileReference; lastKnownFileType = image.png; path = carkey.png; sourceTree = "<group>"; };
		E210C78E1A11D54700C9D186 /* AdvancedViewController.h */ = {isa = PBXFileReference; fileEncoding = 4; lastKnownFileType = sourcecode.c.h; path = AdvancedViewController.h; sourceTree = "<group>"; };
		E210C78F1A11D54700C9D186 /* AdvancedViewController.m */ = {isa = PBXFileReference; fileEncoding = 4; lastKnownFileType = sourcecode.c.objc; path = AdvancedViewController.m; sourceTree = "<group>"; };
		E210C7901A11D54700C9D186 /* PreCameraViewController.h */ = {isa = PBXFileReference; fileEncoding = 4; lastKnownFileType = sourcecode.c.h; path = PreCameraViewController.h; sourceTree = "<group>"; };
		E210C7911A11D54700C9D186 /* PreCameraViewController.m */ = {isa = PBXFileReference; fileEncoding = 4; lastKnownFileType = sourcecode.c.objc; path = PreCameraViewController.m; sourceTree = "<group>"; };
		E210C7921A11D54700C9D186 /* PShareViewController.h */ = {isa = PBXFileReference; fileEncoding = 4; lastKnownFileType = sourcecode.c.h; path = PShareViewController.h; sourceTree = "<group>"; };
		E210C7931A11D54700C9D186 /* PShareViewController.m */ = {isa = PBXFileReference; fileEncoding = 4; lastKnownFileType = sourcecode.c.objc; path = PShareViewController.m; sourceTree = "<group>"; };
		E210C7991A11DF7E00C9D186 /* finalCamera.png */ = {isa = PBXFileReference; lastKnownFileType = image.png; path = finalCamera.png; sourceTree = "<group>"; };
		E210C79A1A11DF7E00C9D186 /* finalSearch.png */ = {isa = PBXFileReference; lastKnownFileType = image.png; path = finalSearch.png; sourceTree = "<group>"; };
		E210C7A11A11E0E600C9D186 /* myFerrariSmall.png */ = {isa = PBXFileReference; lastKnownFileType = image.png; path = myFerrariSmall.png; sourceTree = "<group>"; };
		E210C7A41A11E20C00C9D186 /* GoogleMaps.framework */ = {isa = PBXFileReference; lastKnownFileType = wrapper.framework; name = GoogleMaps.framework; path = "../../../GoogleMaps-iOS-1.9.0/GoogleMaps.framework"; sourceTree = "<group>"; };
		E210C7A61A11E21C00C9D186 /* GoogleMaps.bundle */ = {isa = PBXFileReference; lastKnownFileType = "wrapper.plug-in"; name = GoogleMaps.bundle; path = "../../../GoogleMaps-iOS-1.9.0/GoogleMaps.framework/Versions/A/Resources/GoogleMaps.bundle"; sourceTree = "<group>"; };
		E210C7A81A11E29300C9D186 /* AVFoundation.framework */ = {isa = PBXFileReference; lastKnownFileType = wrapper.framework; name = AVFoundation.framework; path = System/Library/Frameworks/AVFoundation.framework; sourceTree = SDKROOT; };
		E210C7AA1A11E29800C9D186 /* MapKit.framework */ = {isa = PBXFileReference; lastKnownFileType = wrapper.framework; name = MapKit.framework; path = System/Library/Frameworks/MapKit.framework; sourceTree = SDKROOT; };
		E210C7AC1A11E2A700C9D186 /* CoreData.framework */ = {isa = PBXFileReference; lastKnownFileType = wrapper.framework; name = CoreData.framework; path = System/Library/Frameworks/CoreData.framework; sourceTree = SDKROOT; };
		E210C7AE1A11E2AD00C9D186 /* CoreLocation.framework */ = {isa = PBXFileReference; lastKnownFileType = wrapper.framework; name = CoreLocation.framework; path = System/Library/Frameworks/CoreLocation.framework; sourceTree = SDKROOT; };
		E210C7B01A11E2B500C9D186 /* CoreText.framework */ = {isa = PBXFileReference; lastKnownFileType = wrapper.framework; name = CoreText.framework; path = System/Library/Frameworks/CoreText.framework; sourceTree = SDKROOT; };
		E210C7B21A11E2BC00C9D186 /* GLKit.framework */ = {isa = PBXFileReference; lastKnownFileType = wrapper.framework; name = GLKit.framework; path = System/Library/Frameworks/GLKit.framework; sourceTree = SDKROOT; };
		E210C7B41A11E2C400C9D186 /* ImageIO.framework */ = {isa = PBXFileReference; lastKnownFileType = wrapper.framework; name = ImageIO.framework; path = System/Library/Frameworks/ImageIO.framework; sourceTree = SDKROOT; };
		E210C7B61A11E2CD00C9D186 /* libc++.dylib */ = {isa = PBXFileReference; lastKnownFileType = "compiled.mach-o.dylib"; name = "libc++.dylib"; path = "usr/lib/libc++.dylib"; sourceTree = SDKROOT; };
		E210C7B81A11E2DA00C9D186 /* libicucore.dylib */ = {isa = PBXFileReference; lastKnownFileType = "compiled.mach-o.dylib"; name = libicucore.dylib; path = usr/lib/libicucore.dylib; sourceTree = SDKROOT; };
		E210C7BA1A11E2E000C9D186 /* libz.dylib */ = {isa = PBXFileReference; lastKnownFileType = "compiled.mach-o.dylib"; name = libz.dylib; path = usr/lib/libz.dylib; sourceTree = SDKROOT; };
		E210C7BC1A11E2E900C9D186 /* OpenGLES.framework */ = {isa = PBXFileReference; lastKnownFileType = wrapper.framework; name = OpenGLES.framework; path = System/Library/Frameworks/OpenGLES.framework; sourceTree = SDKROOT; };
		E210C7BE1A11E2ED00C9D186 /* QuartzCore.framework */ = {isa = PBXFileReference; lastKnownFileType = wrapper.framework; name = QuartzCore.framework; path = System/Library/Frameworks/QuartzCore.framework; sourceTree = SDKROOT; };
		E210C7C01A11E2F500C9D186 /* SystemConfiguration.framework */ = {isa = PBXFileReference; lastKnownFileType = wrapper.framework; name = SystemConfiguration.framework; path = System/Library/Frameworks/SystemConfiguration.framework; sourceTree = SDKROOT; };
		E210C7C21A11E7B300C9D186 /* parkApp-icon.png */ = {isa = PBXFileReference; lastKnownFileType = image.png; path = "parkApp-icon.png"; sourceTree = "<group>"; };
		E210C7C61A12110700C9D186 /* ProfileForm.h */ = {isa = PBXFileReference; fileEncoding = 4; lastKnownFileType = sourcecode.c.h; path = ProfileForm.h; sourceTree = "<group>"; };
		E210C7C71A12110700C9D186 /* ProfileForm.m */ = {isa = PBXFileReference; fileEncoding = 4; lastKnownFileType = sourcecode.c.objc; path = ProfileForm.m; sourceTree = "<group>"; };
		E210C7C91A1235A100C9D186 /* submit.png */ = {isa = PBXFileReference; lastKnownFileType = image.png; path = submit.png; sourceTree = "<group>"; };
		E210C7CB1A12366B00C9D186 /* ForgotViewController.h */ = {isa = PBXFileReference; fileEncoding = 4; lastKnownFileType = sourcecode.c.h; path = ForgotViewController.h; sourceTree = "<group>"; };
		E210C7CC1A12366B00C9D186 /* ForgotViewController.m */ = {isa = PBXFileReference; fileEncoding = 4; lastKnownFileType = sourcecode.c.objc; path = ForgotViewController.m; sourceTree = "<group>"; };
		F377A9341A0EC5470001480E /* ParkApp-Bridging-Header.h */ = {isa = PBXFileReference; lastKnownFileType = sourcecode.c.h; path = "ParkApp-Bridging-Header.h"; sourceTree = "<group>"; };
		F377A9351A0EC5480001480E /* LoginViewController.h */ = {isa = PBXFileReference; fileEncoding = 4; lastKnownFileType = sourcecode.c.h; path = LoginViewController.h; sourceTree = "<group>"; };
		F377A9361A0EC5480001480E /* LoginViewController.m */ = {isa = PBXFileReference; fileEncoding = 4; lastKnownFileType = sourcecode.c.objc; path = LoginViewController.m; sourceTree = "<group>"; };
		F3B61C8C1A11666500E60186 /* FXForms.h */ = {isa = PBXFileReference; fileEncoding = 4; lastKnownFileType = sourcecode.c.h; path = FXForms.h; sourceTree = "<group>"; };
		F3B61C8D1A11666500E60186 /* FXForms.m */ = {isa = PBXFileReference; fileEncoding = 4; lastKnownFileType = sourcecode.c.objc; path = FXForms.m; sourceTree = "<group>"; };
		F3B61C8F1A1194C800E60186 /* LoginForm.h */ = {isa = PBXFileReference; fileEncoding = 4; lastKnownFileType = sourcecode.c.h; path = LoginForm.h; sourceTree = "<group>"; };
		F3B61C901A1194C800E60186 /* LoginForm.m */ = {isa = PBXFileReference; fileEncoding = 4; lastKnownFileType = sourcecode.c.objc; path = LoginForm.m; sourceTree = "<group>"; };
		F3B61C921A1194DD00E60186 /* RegistrationForm.h */ = {isa = PBXFileReference; fileEncoding = 4; lastKnownFileType = sourcecode.c.h; path = RegistrationForm.h; sourceTree = "<group>"; };
		F3B61C931A1194DD00E60186 /* RegistrationForm.m */ = {isa = PBXFileReference; fileEncoding = 4; lastKnownFileType = sourcecode.c.objc; path = RegistrationForm.m; sourceTree = "<group>"; };
		F3B61C981A11A6EB00E60186 /* RegistrationViewController.h */ = {isa = PBXFileReference; fileEncoding = 4; lastKnownFileType = sourcecode.c.h; name = RegistrationViewController.h; path = ../RegistrationViewController.h; sourceTree = "<group>"; };
		F3B61C991A11A6EB00E60186 /* RegistrationViewController.m */ = {isa = PBXFileReference; fileEncoding = 4; lastKnownFileType = sourcecode.c.objc; name = RegistrationViewController.m; path = ../RegistrationViewController.m; sourceTree = "<group>"; };
/* End PBXFileReference section */

/* Begin PBXFrameworksBuildPhase section */
		6537EB561A0EAC4F000CAEC1 /* Frameworks */ = {
			isa = PBXFrameworksBuildPhase;
			buildActionMask = 2147483647;
			files = (
				E210C7C11A11E2F500C9D186 /* SystemConfiguration.framework in Frameworks */,
				E210C7BF1A11E2ED00C9D186 /* QuartzCore.framework in Frameworks */,
				E210C7BD1A11E2E900C9D186 /* OpenGLES.framework in Frameworks */,
				E210C7BB1A11E2E000C9D186 /* libz.dylib in Frameworks */,
				E210C7B91A11E2DA00C9D186 /* libicucore.dylib in Frameworks */,
				E210C7B71A11E2CD00C9D186 /* libc++.dylib in Frameworks */,
				E210C7B51A11E2C400C9D186 /* ImageIO.framework in Frameworks */,
				E210C7B31A11E2BC00C9D186 /* GLKit.framework in Frameworks */,
				E210C7B11A11E2B500C9D186 /* CoreText.framework in Frameworks */,
				E210C7AF1A11E2AD00C9D186 /* CoreLocation.framework in Frameworks */,
				E210C7AD1A11E2A700C9D186 /* CoreData.framework in Frameworks */,
				E210C7AB1A11E29800C9D186 /* MapKit.framework in Frameworks */,
				E210C7A91A11E29300C9D186 /* AVFoundation.framework in Frameworks */,
				E210C7A51A11E20C00C9D186 /* GoogleMaps.framework in Frameworks */,
			);
			runOnlyForDeploymentPostprocessing = 0;
		};
		6537EB6D1A0EAC4F000CAEC1 /* Frameworks */ = {
			isa = PBXFrameworksBuildPhase;
			buildActionMask = 2147483647;
			files = (
			);
			runOnlyForDeploymentPostprocessing = 0;
		};
/* End PBXFrameworksBuildPhase section */

/* Begin PBXGroup section */
		6537EB501A0EAC4F000CAEC1 = {
			isa = PBXGroup;
			children = (
				6537EB5B1A0EAC4F000CAEC1 /* ParkApp */,
				6537EB731A0EAC4F000CAEC1 /* ParkAppTests */,
				6537EB5A1A0EAC4F000CAEC1 /* Products */,
			);
			sourceTree = "<group>";
		};
		6537EB5A1A0EAC4F000CAEC1 /* Products */ = {
			isa = PBXGroup;
			children = (
				6537EB591A0EAC4F000CAEC1 /* ParkApp.app */,
				6537EB701A0EAC4F000CAEC1 /* ParkAppTests.xctest */,
			);
			name = Products;
			sourceTree = "<group>";
		};
		6537EB5B1A0EAC4F000CAEC1 /* ParkApp */ = {
			isa = PBXGroup;
			children = (
				E210C78E1A11D54700C9D186 /* AdvancedViewController.h */,
				E210C78F1A11D54700C9D186 /* AdvancedViewController.m */,
				E210C7901A11D54700C9D186 /* PreCameraViewController.h */,
				E210C7911A11D54700C9D186 /* PreCameraViewController.m */,
				E210C7921A11D54700C9D186 /* PShareViewController.h */,
				E210C7931A11D54700C9D186 /* PShareViewController.m */,
				F3B61C981A11A6EB00E60186 /* RegistrationViewController.h */,
				F3B61C991A11A6EB00E60186 /* RegistrationViewController.m */,
				E210C7CB1A12366B00C9D186 /* ForgotViewController.h */,
				E210C7CC1A12366B00C9D186 /* ForgotViewController.m */,
				E210C7C61A12110700C9D186 /* ProfileForm.h */,
				E210C7C71A12110700C9D186 /* ProfileForm.m */,
				F3B61C921A1194DD00E60186 /* RegistrationForm.h */,
				F3B61C931A1194DD00E60186 /* RegistrationForm.m */,
				65702A151A10230000FD1303 /* SearchPage.h */,
				65702A161A10230000FD1303 /* SearchPage.m */,
				6537EB641A0EAC4F000CAEC1 /* Main.storyboard */,
				65702A211A1023A700FD1303 /* ProfilePage.h */,
				65702A221A1023A700FD1303 /* ProfilePage.m */,
				65702A181A10234400FD1303 /* MainPage.h */,
				65702A191A10234400FD1303 /* MainPage.m */,
				65702A1B1A10235000FD1303 /* ReportPage.h */,
				65702A1C1A10235000FD1303 /* ReportPage.m */,
				65702A1E1A10235F00FD1303 /* RentPage.h */,
				65702A1F1A10235F00FD1303 /* RentPage.m */,
				F3B61C8C1A11666500E60186 /* FXForms.h */,
				F3B61C8D1A11666500E60186 /* FXForms.m */,
				F3B61C8F1A1194C800E60186 /* LoginForm.h */,
				F3B61C901A1194C800E60186 /* LoginForm.m */,
				6537EB5C1A0EAC4F000CAEC1 /* Supporting Files */,
				F377A9341A0EC5470001480E /* ParkApp-Bridging-Header.h */,
				E210C7A31A11E1BB00C9D186 /* Frameworks */,
			);
			path = ParkApp;
			sourceTree = "<group>";
		};
		6537EB5C1A0EAC4F000CAEC1 /* Supporting Files */ = {
			isa = PBXGroup;
			children = (
				E210C7C91A1235A100C9D186 /* submit.png */,
				E210C7C21A11E7B300C9D186 /* parkApp-icon.png */,
				E210C7A61A11E21C00C9D186 /* GoogleMaps.bundle */,
				E210C7A11A11E0E600C9D186 /* myFerrariSmall.png */,
				E210C7991A11DF7E00C9D186 /* finalCamera.png */,
				E210C79A1A11DF7E00C9D186 /* finalSearch.png */,
				E210C78C1A11D52B00C9D186 /* carkey.png */,
				6537EB601A0EAC4F000CAEC1 /* FirstViewController.swift */,
				F377A9361A0EC5480001480E /* LoginViewController.m */,
				6537EB671A0EAC4F000CAEC1 /* Images.xcassets */,
				6537EB691A0EAC4F000CAEC1 /* LaunchScreen.xib */,
				F377A9351A0EC5480001480E /* LoginViewController.h */,
				6537EB621A0EAC4F000CAEC1 /* SecondViewController.swift */,
				6537EB5E1A0EAC4F000CAEC1 /* AppDelegate.swift */,
				6537EB5D1A0EAC4F000CAEC1 /* Info.plist */,
			);
			name = "Supporting Files";
			sourceTree = "<group>";
		};
		6537EB731A0EAC4F000CAEC1 /* ParkAppTests */ = {
			isa = PBXGroup;
			children = (
				6537EB761A0EAC4F000CAEC1 /* ParkAppTests.swift */,
				6537EB741A0EAC4F000CAEC1 /* Supporting Files */,
			);
			path = ParkAppTests;
			sourceTree = "<group>";
		};
		6537EB741A0EAC4F000CAEC1 /* Supporting Files */ = {
			isa = PBXGroup;
			children = (
				6537EB751A0EAC4F000CAEC1 /* Info.plist */,
			);
			name = "Supporting Files";
			sourceTree = "<group>";
		};
		E210C7A31A11E1BB00C9D186 /* Frameworks */ = {
			isa = PBXGroup;
			children = (
				E210C7C01A11E2F500C9D186 /* SystemConfiguration.framework */,
				E210C7BE1A11E2ED00C9D186 /* QuartzCore.framework */,
				E210C7BC1A11E2E900C9D186 /* OpenGLES.framework */,
				E210C7BA1A11E2E000C9D186 /* libz.dylib */,
				E210C7B81A11E2DA00C9D186 /* libicucore.dylib */,
				E210C7B61A11E2CD00C9D186 /* libc++.dylib */,
				E210C7B41A11E2C400C9D186 /* ImageIO.framework */,
				E210C7B21A11E2BC00C9D186 /* GLKit.framework */,
				E210C7B01A11E2B500C9D186 /* CoreText.framework */,
				E210C7AE1A11E2AD00C9D186 /* CoreLocation.framework */,
				E210C7AC1A11E2A700C9D186 /* CoreData.framework */,
				E210C7AA1A11E29800C9D186 /* MapKit.framework */,
				E210C7A81A11E29300C9D186 /* AVFoundation.framework */,
				E210C7A41A11E20C00C9D186 /* GoogleMaps.framework */,
			);
			name = Frameworks;
			sourceTree = "<group>";
		};
/* End PBXGroup section */

/* Begin PBXNativeTarget section */
		6537EB581A0EAC4F000CAEC1 /* ParkApp */ = {
			isa = PBXNativeTarget;
			buildConfigurationList = 6537EB7A1A0EAC4F000CAEC1 /* Build configuration list for PBXNativeTarget "ParkApp" */;
			buildPhases = (
				6537EB551A0EAC4F000CAEC1 /* Sources */,
				6537EB561A0EAC4F000CAEC1 /* Frameworks */,
				6537EB571A0EAC4F000CAEC1 /* Resources */,
			);
			buildRules = (
			);
			dependencies = (
			);
			name = ParkApp;
			productName = ParkApp;
			productReference = 6537EB591A0EAC4F000CAEC1 /* ParkApp.app */;
			productType = "com.apple.product-type.application";
		};
		6537EB6F1A0EAC4F000CAEC1 /* ParkAppTests */ = {
			isa = PBXNativeTarget;
			buildConfigurationList = 6537EB7D1A0EAC4F000CAEC1 /* Build configuration list for PBXNativeTarget "ParkAppTests" */;
			buildPhases = (
				6537EB6C1A0EAC4F000CAEC1 /* Sources */,
				6537EB6D1A0EAC4F000CAEC1 /* Frameworks */,
				6537EB6E1A0EAC4F000CAEC1 /* Resources */,
			);
			buildRules = (
			);
			dependencies = (
				6537EB721A0EAC4F000CAEC1 /* PBXTargetDependency */,
			);
			name = ParkAppTests;
			productName = ParkAppTests;
			productReference = 6537EB701A0EAC4F000CAEC1 /* ParkAppTests.xctest */;
			productType = "com.apple.product-type.bundle.unit-test";
		};
/* End PBXNativeTarget section */

/* Begin PBXProject section */
		6537EB511A0EAC4F000CAEC1 /* Project object */ = {
			isa = PBXProject;
			attributes = {
				LastUpgradeCheck = 0610;
				ORGANIZATIONNAME = CS465;
				TargetAttributes = {
					6537EB581A0EAC4F000CAEC1 = {
						CreatedOnToolsVersion = 6.1;
					};
					6537EB6F1A0EAC4F000CAEC1 = {
						CreatedOnToolsVersion = 6.1;
						TestTargetID = 6537EB581A0EAC4F000CAEC1;
					};
				};
			};
			buildConfigurationList = 6537EB541A0EAC4F000CAEC1 /* Build configuration list for PBXProject "ParkApp" */;
			compatibilityVersion = "Xcode 3.2";
			developmentRegion = English;
			hasScannedForEncodings = 0;
			knownRegions = (
				en,
				Base,
			);
			mainGroup = 6537EB501A0EAC4F000CAEC1;
			productRefGroup = 6537EB5A1A0EAC4F000CAEC1 /* Products */;
			projectDirPath = "";
			projectRoot = "";
			targets = (
				6537EB581A0EAC4F000CAEC1 /* ParkApp */,
				6537EB6F1A0EAC4F000CAEC1 /* ParkAppTests */,
			);
		};
/* End PBXProject section */

/* Begin PBXResourcesBuildPhase section */
		6537EB571A0EAC4F000CAEC1 /* Resources */ = {
			isa = PBXResourcesBuildPhase;
			buildActionMask = 2147483647;
			files = (
				E210C78D1A11D52B00C9D186 /* carkey.png in Resources */,
				6537EB661A0EAC4F000CAEC1 /* Main.storyboard in Resources */,
				E210C7C31A11E7B300C9D186 /* parkApp-icon.png in Resources */,
				E210C7CA1A1235A100C9D186 /* submit.png in Resources */,
				6537EB6B1A0EAC4F000CAEC1 /* LaunchScreen.xib in Resources */,
				6537EB681A0EAC4F000CAEC1 /* Images.xcassets in Resources */,
				E210C79C1A11DF7E00C9D186 /* finalSearch.png in Resources */,
				E210C7A21A11E0E600C9D186 /* myFerrariSmall.png in Resources */,
				E210C79B1A11DF7E00C9D186 /* finalCamera.png in Resources */,
				E210C7A71A11E21C00C9D186 /* GoogleMaps.bundle in Resources */,
			);
			runOnlyForDeploymentPostprocessing = 0;
		};
		6537EB6E1A0EAC4F000CAEC1 /* Resources */ = {
			isa = PBXResourcesBuildPhase;
			buildActionMask = 2147483647;
			files = (
			);
			runOnlyForDeploymentPostprocessing = 0;
		};
/* End PBXResourcesBuildPhase section */

/* Begin PBXSourcesBuildPhase section */
		6537EB551A0EAC4F000CAEC1 /* Sources */ = {
			isa = PBXSourcesBuildPhase;
			buildActionMask = 2147483647;
			files = (
				F377A9371A0EC5480001480E /* LoginViewController.m in Sources */,
				65702A231A1023A700FD1303 /* ProfilePage.m in Sources */,
				E210C7941A11D54700C9D186 /* AdvancedViewController.m in Sources */,
				E210C7961A11D54700C9D186 /* PShareViewController.m in Sources */,
				E210C7951A11D54700C9D186 /* PreCameraViewController.m in Sources */,
				65702A171A10230000FD1303 /* SearchPage.m in Sources */,
				F3B61C911A1194C800E60186 /* LoginForm.m in Sources */,
				F3B61C941A1194DD00E60186 /* RegistrationForm.m in Sources */,
				6537EB631A0EAC4F000CAEC1 /* SecondViewController.swift in Sources */,
				65702A201A10236000FD1303 /* RentPage.m in Sources */,
				65702A1D1A10235000FD1303 /* ReportPage.m in Sources */,
				E210C7CD1A12366B00C9D186 /* ForgotViewController.m in Sources */,
				E210C7C81A12110700C9D186 /* ProfileForm.m in Sources */,
				65702A1A1A10234400FD1303 /* MainPage.m in Sources */,
				F3B61C8E1A11666500E60186 /* FXForms.m in Sources */,
				6537EB5F1A0EAC4F000CAEC1 /* AppDelegate.swift in Sources */,
				F3B61C9A1A11A6EB00E60186 /* RegistrationViewController.m in Sources */,
				6537EB611A0EAC4F000CAEC1 /* FirstViewController.swift in Sources */,
			);
			runOnlyForDeploymentPostprocessing = 0;
		};
		6537EB6C1A0EAC4F000CAEC1 /* Sources */ = {
			isa = PBXSourcesBuildPhase;
			buildActionMask = 2147483647;
			files = (
				6537EB771A0EAC4F000CAEC1 /* ParkAppTests.swift in Sources */,
			);
			runOnlyForDeploymentPostprocessing = 0;
		};
/* End PBXSourcesBuildPhase section */

/* Begin PBXTargetDependency section */
		6537EB721A0EAC4F000CAEC1 /* PBXTargetDependency */ = {
			isa = PBXTargetDependency;
			target = 6537EB581A0EAC4F000CAEC1 /* ParkApp */;
			targetProxy = 6537EB711A0EAC4F000CAEC1 /* PBXContainerItemProxy */;
		};
/* End PBXTargetDependency section */

/* Begin PBXVariantGroup section */
		6537EB641A0EAC4F000CAEC1 /* Main.storyboard */ = {
			isa = PBXVariantGroup;
			children = (
				6537EB651A0EAC4F000CAEC1 /* Base */,
			);
			name = Main.storyboard;
			sourceTree = "<group>";
		};
		6537EB691A0EAC4F000CAEC1 /* LaunchScreen.xib */ = {
			isa = PBXVariantGroup;
			children = (
				6537EB6A1A0EAC4F000CAEC1 /* Base */,
			);
			name = LaunchScreen.xib;
			sourceTree = "<group>";
		};
/* End PBXVariantGroup section */

/* Begin XCBuildConfiguration section */
		6537EB781A0EAC4F000CAEC1 /* Debug */ = {
			isa = XCBuildConfiguration;
			buildSettings = {
				ALWAYS_SEARCH_USER_PATHS = NO;
				CLANG_CXX_LANGUAGE_STANDARD = "gnu++0x";
				CLANG_CXX_LIBRARY = "libc++";
				CLANG_ENABLE_MODULES = YES;
				CLANG_ENABLE_OBJC_ARC = YES;
				CLANG_WARN_BOOL_CONVERSION = YES;
				CLANG_WARN_CONSTANT_CONVERSION = YES;
				CLANG_WARN_DIRECT_OBJC_ISA_USAGE = YES_ERROR;
				CLANG_WARN_EMPTY_BODY = YES;
				CLANG_WARN_ENUM_CONVERSION = YES;
				CLANG_WARN_INT_CONVERSION = YES;
				CLANG_WARN_OBJC_ROOT_CLASS = YES_ERROR;
				CLANG_WARN_UNREACHABLE_CODE = YES;
				CLANG_WARN__DUPLICATE_METHOD_MATCH = YES;
				"CODE_SIGN_IDENTITY[sdk=iphoneos*]" = "iPhone Developer";
				COPY_PHASE_STRIP = NO;
				ENABLE_STRICT_OBJC_MSGSEND = YES;
				GCC_C_LANGUAGE_STANDARD = gnu99;
				GCC_DYNAMIC_NO_PIC = NO;
				GCC_OPTIMIZATION_LEVEL = 0;
				GCC_PREPROCESSOR_DEFINITIONS = (
					"DEBUG=1",
					"$(inherited)",
				);
				GCC_SYMBOLS_PRIVATE_EXTERN = NO;
				GCC_WARN_64_TO_32_BIT_CONVERSION = YES;
				GCC_WARN_ABOUT_RETURN_TYPE = YES_ERROR;
				GCC_WARN_UNDECLARED_SELECTOR = YES;
				GCC_WARN_UNINITIALIZED_AUTOS = YES_AGGRESSIVE;
				GCC_WARN_UNUSED_FUNCTION = YES;
				GCC_WARN_UNUSED_VARIABLE = YES;
				IPHONEOS_DEPLOYMENT_TARGET = 8.1;
				MTL_ENABLE_DEBUG_INFO = YES;
				ONLY_ACTIVE_ARCH = YES;
				SDKROOT = iphoneos;
				SWIFT_OPTIMIZATION_LEVEL = "-Onone";
			};
			name = Debug;
		};
		6537EB791A0EAC4F000CAEC1 /* Release */ = {
			isa = XCBuildConfiguration;
			buildSettings = {
				ALWAYS_SEARCH_USER_PATHS = NO;
				CLANG_CXX_LANGUAGE_STANDARD = "gnu++0x";
				CLANG_CXX_LIBRARY = "libc++";
				CLANG_ENABLE_MODULES = YES;
				CLANG_ENABLE_OBJC_ARC = YES;
				CLANG_WARN_BOOL_CONVERSION = YES;
				CLANG_WARN_CONSTANT_CONVERSION = YES;
				CLANG_WARN_DIRECT_OBJC_ISA_USAGE = YES_ERROR;
				CLANG_WARN_EMPTY_BODY = YES;
				CLANG_WARN_ENUM_CONVERSION = YES;
				CLANG_WARN_INT_CONVERSION = YES;
				CLANG_WARN_OBJC_ROOT_CLASS = YES_ERROR;
				CLANG_WARN_UNREACHABLE_CODE = YES;
				CLANG_WARN__DUPLICATE_METHOD_MATCH = YES;
				"CODE_SIGN_IDENTITY[sdk=iphoneos*]" = "iPhone Developer";
				COPY_PHASE_STRIP = YES;
				ENABLE_NS_ASSERTIONS = NO;
				ENABLE_STRICT_OBJC_MSGSEND = YES;
				GCC_C_LANGUAGE_STANDARD = gnu99;
				GCC_WARN_64_TO_32_BIT_CONVERSION = YES;
				GCC_WARN_ABOUT_RETURN_TYPE = YES_ERROR;
				GCC_WARN_UNDECLARED_SELECTOR = YES;
				GCC_WARN_UNINITIALIZED_AUTOS = YES_AGGRESSIVE;
				GCC_WARN_UNUSED_FUNCTION = YES;
				GCC_WARN_UNUSED_VARIABLE = YES;
				IPHONEOS_DEPLOYMENT_TARGET = 8.1;
				MTL_ENABLE_DEBUG_INFO = NO;
				SDKROOT = iphoneos;
				VALIDATE_PRODUCT = YES;
			};
			name = Release;
		};
		6537EB7B1A0EAC4F000CAEC1 /* Debug */ = {
			isa = XCBuildConfiguration;
			buildSettings = {
				ASSETCATALOG_COMPILER_APPICON_NAME = AppIcon;
				ASSETCATALOG_COMPILER_LAUNCHIMAGE_NAME = LaunchImage;
				CLANG_ENABLE_MODULES = YES;
				FRAMEWORK_SEARCH_PATHS = (
					"$(inherited)",
					"/Users/nnayudu/Documents/cs465/GoogleMaps-iOS-1.9.0",
				);
				INFOPLIST_FILE = ParkApp/Info.plist;
				LD_RUNPATH_SEARCH_PATHS = "$(inherited) @executable_path/Frameworks";
				OTHER_LDFLAGS = "-ObjC";
				PRODUCT_NAME = "$(TARGET_NAME)";
				SWIFT_OBJC_BRIDGING_HEADER = "ParkApp/ParkApp-Bridging-Header.h";
				SWIFT_OPTIMIZATION_LEVEL = "-Onone";
			};
			name = Debug;
		};
		6537EB7C1A0EAC4F000CAEC1 /* Release */ = {
			isa = XCBuildConfiguration;
			buildSettings = {
				ASSETCATALOG_COMPILER_APPICON_NAME = AppIcon;
				ASSETCATALOG_COMPILER_LAUNCHIMAGE_NAME = LaunchImage;
				CLANG_ENABLE_MODULES = YES;
				FRAMEWORK_SEARCH_PATHS = (
					"$(inherited)",
					"/Users/nnayudu/Documents/cs465/GoogleMaps-iOS-1.9.0",
				);
				INFOPLIST_FILE = ParkApp/Info.plist;
				LD_RUNPATH_SEARCH_PATHS = "$(inherited) @executable_path/Frameworks";
				OTHER_LDFLAGS = "-ObjC";
				PRODUCT_NAME = "$(TARGET_NAME)";
				SWIFT_OBJC_BRIDGING_HEADER = "ParkApp/ParkApp-Bridging-Header.h";
			};
			name = Release;
		};
		6537EB7E1A0EAC4F000CAEC1 /* Debug */ = {
			isa = XCBuildConfiguration;
			buildSettings = {
				BUNDLE_LOADER = "$(TEST_HOST)";
				FRAMEWORK_SEARCH_PATHS = (
					"$(SDKROOT)/Developer/Library/Frameworks",
					"$(inherited)",
				);
				GCC_PREPROCESSOR_DEFINITIONS = (
					"DEBUG=1",
					"$(inherited)",
				);
				INFOPLIST_FILE = ParkAppTests/Info.plist;
				LD_RUNPATH_SEARCH_PATHS = "$(inherited) @executable_path/Frameworks @loader_path/Frameworks";
				PRODUCT_NAME = "$(TARGET_NAME)";
				TEST_HOST = "$(BUILT_PRODUCTS_DIR)/ParkApp.app/ParkApp";
			};
			name = Debug;
		};
		6537EB7F1A0EAC4F000CAEC1 /* Release */ = {
			isa = XCBuildConfiguration;
			buildSettings = {
				BUNDLE_LOADER = "$(TEST_HOST)";
				FRAMEWORK_SEARCH_PATHS = (
					"$(SDKROOT)/Developer/Library/Frameworks",
					"$(inherited)",
				);
				INFOPLIST_FILE = ParkAppTests/Info.plist;
				LD_RUNPATH_SEARCH_PATHS = "$(inherited) @executable_path/Frameworks @loader_path/Frameworks";
				PRODUCT_NAME = "$(TARGET_NAME)";
				TEST_HOST = "$(BUILT_PRODUCTS_DIR)/ParkApp.app/ParkApp";
			};
			name = Release;
		};
/* End XCBuildConfiguration section */

/* Begin XCConfigurationList section */
		6537EB541A0EAC4F000CAEC1 /* Build configuration list for PBXProject "ParkApp" */ = {
			isa = XCConfigurationList;
			buildConfigurations = (
				6537EB781A0EAC4F000CAEC1 /* Debug */,
				6537EB791A0EAC4F000CAEC1 /* Release */,
			);
			defaultConfigurationIsVisible = 0;
			defaultConfigurationName = Release;
		};
		6537EB7A1A0EAC4F000CAEC1 /* Build configuration list for PBXNativeTarget "ParkApp" */ = {
			isa = XCConfigurationList;
			buildConfigurations = (
				6537EB7B1A0EAC4F000CAEC1 /* Debug */,
				6537EB7C1A0EAC4F000CAEC1 /* Release */,
			);
			defaultConfigurationIsVisible = 0;
			defaultConfigurationName = Release;
		};
		6537EB7D1A0EAC4F000CAEC1 /* Build configuration list for PBXNativeTarget "ParkAppTests" */ = {
			isa = XCConfigurationList;
			buildConfigurations = (
				6537EB7E1A0EAC4F000CAEC1 /* Debug */,
				6537EB7F1A0EAC4F000CAEC1 /* Release */,
			);
			defaultConfigurationIsVisible = 0;
			defaultConfigurationName = Release;
		};
/* End XCConfigurationList section */
	};
	rootObject = 6537EB511A0EAC4F000CAEC1 /* Project object */;
}
